
Microsoft Visual Studio Solution File, Format Version 12.00
# Visual Studio Version 16
VisualStudioVersion = 16.0.31025.194
MinimumVisualStudioVersion = 10.0.40219.1
Project("{FAE04EC0-301F-11D3-BF4B-00C04F79EFBC}") = "Assignment4", "Assignment4.csproj", "{16091B01-7811-48E9-9F8E-C54CF9DC643A}"
EndProject
Global
	GlobalSection(SolutionConfigurationPlatforms) = preSolution
		Debug|Any CPU = Debug|Any CPU
		Release|Any CPU = Release|Any CPU
	EndGlobalSection
	GlobalSection(ProjectConfigurationPlatforms) = postSolution
		{16091B01-7811-48E9-9F8E-C54CF9DC643A}.Debug|Any CPU.ActiveCfg = Debug|Any CPU
		{16091B01-7811-48E9-9F8E-C54CF9DC643A}.Debug|Any CPU.Build.0 = Debug|Any CPU
		{16091B01-7811-48E9-9F8E-C54CF9DC643A}.Release|Any CPU.ActiveCfg = Release|Any CPU
		{16091B01-7811-48E9-9F8E-C54CF9DC643A}.Release|Any CPU.Build.0 = Release|Any CPU
	EndGlobalSection
	GlobalSection(SolutionProperties) = preSolution
		HideSolutionNode = FALSE
	EndGlobalSection
	GlobalSection(ExtensibilityGlobals) = postSolution
		SolutionGuid = {1360030D-EB00-4691-8B4A-8D3B14706B5C}
	EndGlobalSection
EndGlobal
