
Microsoft Visual Studio Solution File, Format Version 12.00
# Visual Studio Version 16
VisualStudioVersion = 16.0.31025.194
MinimumVisualStudioVersion = 10.0.40219.1
Project("{FAE04EC0-301F-11D3-BF4B-00C04F79EFBC}") = "Assignment2", "Assignment2.csproj", "{49AFAD76-1D9D-4AE4-9943-3CCF316763A1}"
EndProject
Global
	GlobalSection(SolutionConfigurationPlatforms) = preSolution
		Debug|Any CPU = Debug|Any CPU
		Release|Any CPU = Release|Any CPU
	EndGlobalSection
	GlobalSection(ProjectConfigurationPlatforms) = postSolution
		{49AFAD76-1D9D-4AE4-9943-3CCF316763A1}.Debug|Any CPU.ActiveCfg = Debug|Any CPU
		{49AFAD76-1D9D-4AE4-9943-3CCF316763A1}.Debug|Any CPU.Build.0 = Debug|Any CPU
		{49AFAD76-1D9D-4AE4-9943-3CCF316763A1}.Release|Any CPU.ActiveCfg = Release|Any CPU
		{49AFAD76-1D9D-4AE4-9943-3CCF316763A1}.Release|Any CPU.Build.0 = Release|Any CPU
	EndGlobalSection
	GlobalSection(SolutionProperties) = preSolution
		HideSolutionNode = FALSE
	EndGlobalSection
	GlobalSection(ExtensibilityGlobals) = postSolution
		SolutionGuid = {269C9EDA-54E5-41C9-BD19-6AA4A9610B52}
	EndGlobalSection
EndGlobal
