
Microsoft Visual Studio Solution File, Format Version 12.00
# Visual Studio Version 16
VisualStudioVersion = 16.0.31025.194
MinimumVisualStudioVersion = 10.0.40219.1
Project("{FAE04EC0-301F-11D3-BF4B-00C04F79EFBC}") = "Assignment4", "Assignment4.csproj", "{BD88F764-2C19-41DF-95B7-4A959A66B3EF}"
EndProject
Global
	GlobalSection(SolutionConfigurationPlatforms) = preSolution
		Debug|Any CPU = Debug|Any CPU
		Release|Any CPU = Release|Any CPU
	EndGlobalSection
	GlobalSection(ProjectConfigurationPlatforms) = postSolution
		{BD88F764-2C19-41DF-95B7-4A959A66B3EF}.Debug|Any CPU.ActiveCfg = Debug|Any CPU
		{BD88F764-2C19-41DF-95B7-4A959A66B3EF}.Debug|Any CPU.Build.0 = Debug|Any CPU
		{BD88F764-2C19-41DF-95B7-4A959A66B3EF}.Release|Any CPU.ActiveCfg = Release|Any CPU
		{BD88F764-2C19-41DF-95B7-4A959A66B3EF}.Release|Any CPU.Build.0 = Release|Any CPU
	EndGlobalSection
	GlobalSection(SolutionProperties) = preSolution
		HideSolutionNode = FALSE
	EndGlobalSection
	GlobalSection(ExtensibilityGlobals) = postSolution
		SolutionGuid = {3ECBBD85-D8D2-43FD-867A-354C042848C7}
	EndGlobalSection
EndGlobal
