
Microsoft Visual Studio Solution File, Format Version 12.00
# Visual Studio Version 16
VisualStudioVersion = 16.0.31025.194
MinimumVisualStudioVersion = 10.0.40219.1
Project("{FAE04EC0-301F-11D3-BF4B-00C04F79EFBC}") = "Assignment3", "Assignment3.csproj", "{52FCE11D-857E-4734-A27B-5EADA8084D8D}"
EndProject
Global
	GlobalSection(SolutionConfigurationPlatforms) = preSolution
		Debug|Any CPU = Debug|Any CPU
		Release|Any CPU = Release|Any CPU
	EndGlobalSection
	GlobalSection(ProjectConfigurationPlatforms) = postSolution
		{52FCE11D-857E-4734-A27B-5EADA8084D8D}.Debug|Any CPU.ActiveCfg = Debug|Any CPU
		{52FCE11D-857E-4734-A27B-5EADA8084D8D}.Debug|Any CPU.Build.0 = Debug|Any CPU
		{52FCE11D-857E-4734-A27B-5EADA8084D8D}.Release|Any CPU.ActiveCfg = Release|Any CPU
		{52FCE11D-857E-4734-A27B-5EADA8084D8D}.Release|Any CPU.Build.0 = Release|Any CPU
	EndGlobalSection
	GlobalSection(SolutionProperties) = preSolution
		HideSolutionNode = FALSE
	EndGlobalSection
	GlobalSection(ExtensibilityGlobals) = postSolution
		SolutionGuid = {A647AF5E-2777-4208-8B6E-2049F9FABAFE}
	EndGlobalSection
EndGlobal
