
Microsoft Visual Studio Solution File, Format Version 12.00
# Visual Studio Version 16
VisualStudioVersion = 16.0.31025.194
MinimumVisualStudioVersion = 10.0.40219.1
Project("{FAE04EC0-301F-11D3-BF4B-00C04F79EFBC}") = "Assignment2", "Assignment2.csproj", "{D49D7F36-01A0-4AF7-A93D-33F4D614B930}"
EndProject
Global
	GlobalSection(SolutionConfigurationPlatforms) = preSolution
		Debug|Any CPU = Debug|Any CPU
		Release|Any CPU = Release|Any CPU
	EndGlobalSection
	GlobalSection(ProjectConfigurationPlatforms) = postSolution
		{D49D7F36-01A0-4AF7-A93D-33F4D614B930}.Debug|Any CPU.ActiveCfg = Debug|Any CPU
		{D49D7F36-01A0-4AF7-A93D-33F4D614B930}.Debug|Any CPU.Build.0 = Debug|Any CPU
		{D49D7F36-01A0-4AF7-A93D-33F4D614B930}.Release|Any CPU.ActiveCfg = Release|Any CPU
		{D49D7F36-01A0-4AF7-A93D-33F4D614B930}.Release|Any CPU.Build.0 = Release|Any CPU
	EndGlobalSection
	GlobalSection(SolutionProperties) = preSolution
		HideSolutionNode = FALSE
	EndGlobalSection
	GlobalSection(ExtensibilityGlobals) = postSolution
		SolutionGuid = {3343BDB4-FFD7-42D8-85E4-2D6A7DD47587}
	EndGlobalSection
EndGlobal
