
Microsoft Visual Studio Solution File, Format Version 12.00
# Visual Studio Version 16
VisualStudioVersion = 16.0.31025.194
MinimumVisualStudioVersion = 10.0.40219.1
Project("{FAE04EC0-301F-11D3-BF4B-00C04F79EFBC}") = "Assignment3", "Assignment3.csproj", "{60DB8EC5-1168-4F94-B1C5-A5F906A43693}"
EndProject
Global
	GlobalSection(SolutionConfigurationPlatforms) = preSolution
		Debug|Any CPU = Debug|Any CPU
		Release|Any CPU = Release|Any CPU
	EndGlobalSection
	GlobalSection(ProjectConfigurationPlatforms) = postSolution
		{60DB8EC5-1168-4F94-B1C5-A5F906A43693}.Debug|Any CPU.ActiveCfg = Debug|Any CPU
		{60DB8EC5-1168-4F94-B1C5-A5F906A43693}.Debug|Any CPU.Build.0 = Debug|Any CPU
		{60DB8EC5-1168-4F94-B1C5-A5F906A43693}.Release|Any CPU.ActiveCfg = Release|Any CPU
		{60DB8EC5-1168-4F94-B1C5-A5F906A43693}.Release|Any CPU.Build.0 = Release|Any CPU
	EndGlobalSection
	GlobalSection(SolutionProperties) = preSolution
		HideSolutionNode = FALSE
	EndGlobalSection
	GlobalSection(ExtensibilityGlobals) = postSolution
		SolutionGuid = {C23A2822-0BF3-4353-9334-48F5702FA9A1}
	EndGlobalSection
EndGlobal
