
Microsoft Visual Studio Solution File, Format Version 12.00
# Visual Studio Version 16
VisualStudioVersion = 16.0.31025.194
MinimumVisualStudioVersion = 10.0.40219.1
Project("{FAE04EC0-301F-11D3-BF4B-00C04F79EFBC}") = "Assignment2", "Assignment2.csproj", "{9914C3F1-30FF-4BFD-85F3-4B79D2D467D8}"
EndProject
Global
	GlobalSection(SolutionConfigurationPlatforms) = preSolution
		Debug|Any CPU = Debug|Any CPU
		Release|Any CPU = Release|Any CPU
	EndGlobalSection
	GlobalSection(ProjectConfigurationPlatforms) = postSolution
		{9914C3F1-30FF-4BFD-85F3-4B79D2D467D8}.Debug|Any CPU.ActiveCfg = Debug|Any CPU
		{9914C3F1-30FF-4BFD-85F3-4B79D2D467D8}.Debug|Any CPU.Build.0 = Debug|Any CPU
		{9914C3F1-30FF-4BFD-85F3-4B79D2D467D8}.Release|Any CPU.ActiveCfg = Release|Any CPU
		{9914C3F1-30FF-4BFD-85F3-4B79D2D467D8}.Release|Any CPU.Build.0 = Release|Any CPU
	EndGlobalSection
	GlobalSection(SolutionProperties) = preSolution
		HideSolutionNode = FALSE
	EndGlobalSection
	GlobalSection(ExtensibilityGlobals) = postSolution
		SolutionGuid = {D8800FAB-A446-4E75-811B-F4C14EBD35C0}
	EndGlobalSection
EndGlobal
